PODS:
  - GCDWebServer (3.2.2):
    - GCDWebServer/Core
  - GCDWebServer/Core (3.2.2)
  - GoogleAnalytics-iOS-SDK (3.10):
    - GoogleAnalytics-iOS-SDK/Core
  - GoogleAnalytics-iOS-SDK/Core (3.10)
  - ZBarSDK (1.3.1)

DEPENDENCIES:
  - GCDWebServer
  - GoogleAnalytics-iOS-SDK (~> 3.10)
  - ZBarSDK (~> 1.3)

SPEC CHECKSUMS:
  GCDWebServer: 285fde9951ab2cd87c2d9d74735fee977a16fe04
  GoogleAnalytics-iOS-SDK: f422062075d9ccb1ea8d783fc5ba3829461e9502
  ZBarSDK: 3ed560856963f765b66d834f464590bd6ba13b44

COCOAPODS: 0.33.1
