PODS:
  - GCDWebServer (2.5.1):
    - GCDWebServer/Core
  - GCDWebServer/Core (2.5.1)
  - ZBarSDK (1.3.1)

DEPENDENCIES:
  - GCDWebServer (from `https://github.com/swisspol/GCDWebServer.git`, branch `bonjour_fix`)
  - ZBarSDK (~> 1.3)

EXTERNAL SOURCES:
  GCDWebServer:
    :branch: bonjour_fix
    :git: https://github.com/swisspol/GCDWebServer.git

SPEC CHECKSUMS:
  GCDWebServer: a5c88bf02175f25177c128b61fb3628ff83e9e59
  ZBarSDK: 3ed560856963f765b66d834f464590bd6ba13b44

COCOAPODS: 0.33.1
